// !$*UTF8*$!
{
	archiveVersion = 1;
	classes = {
	};
	objectVersion = 50;
	objects = {

/* Begin PBXBuildFile section */
		A5F9A5492125E60F00D1D9B8 /* AppDelegate.swift in Sources */ = {isa = PBXBuildFile; fileRef = A5F9A5482125E60F00D1D9B8 /* AppDelegate.swift */; };
		A5F9A54B2125E60F00D1D9B8 /* ViewController.swift in Sources */ = {isa = PBXBuildFile; fileRef = A5F9A54A2125E60F00D1D9B8 /* ViewController.swift */; };
		A5F9A54E2125E60F00D1D9B8 /* Main.storyboard in Resources */ = {isa = PBXBuildFile; fileRef = A5F9A54C2125E60F00D1D9B8 /* Main.storyboard */; };
		A5F9A5502125E61100D1D9B8 /* Assets.xcassets in Resources */ = {isa = PBXBuildFile; fileRef = A5F9A54F2125E61100D1D9B8 /* Assets.xcassets */; };
		A5F9A5532125E61100D1D9B8 /* LaunchScreen.storyboard in Resources */ = {isa = PBXBuildFile; fileRef = A5F9A5512125E61100D1D9B8 /* LaunchScreen.storyboard */; };
		A5F9A55E2125E61100D1D9B8 /* NetworkInfoTests.swift in Sources */ = {isa = PBXBuildFile; fileRef = A5F9A55D2125E61100D1D9B8 /* NetworkInfoTests.swift */; };
		A5F9A5692125E61100D1D9B8 /* NetworkInfoUITests.swift in Sources */ = {isa = PBXBuildFile; fileRef = A5F9A5682125E61100D1D9B8 /* NetworkInfoUITests.swift */; };
		A5F9A57A2125E7B000D1D9B8 /* NetInterface.swift in Sources */ = {isa = PBXBuildFile; fileRef = A5F9A5792125E7AF00D1D9B8 /* NetInterface.swift */; };
		A5F9A57C2125F1C300D1D9B8 /* libresolv.tbd in Frameworks */ = {isa = PBXBuildFile; fileRef = A5F9A57B2125F1C300D1D9B8 /* libresolv.tbd */; };
		A5F9A57F212600F400D1D9B8 /* DnsResolver.m in Sources */ = {isa = PBXBuildFile; fileRef = A5F9A57E212600F400D1D9B8 /* DnsResolver.m */; };
/* End PBXBuildFile section */

/* Begin PBXContainerItemProxy section */
		A5F9A55A2125E61100D1D9B8 /* PBXContainerItemProxy */ = {
			isa = PBXContainerItemProxy;
			containerPortal = A5F9A53D2125E60F00D1D9B8 /* Project object */;
			proxyType = 1;
			remoteGlobalIDString = A5F9A5442125E60F00D1D9B8;
			remoteInfo = NetworkInfo;
		};
		A5F9A5652125E61100D1D9B8 /* PBXContainerItemProxy */ = {
			isa = PBXContainerItemProxy;
			containerPortal = A5F9A53D2125E60F00D1D9B8 /* Project object */;
			proxyType = 1;
			remoteGlobalIDString = A5F9A5442125E60F00D1D9B8;
			remoteInfo = NetworkInfo;
		};
/* End PBXContainerItemProxy section */

/* Begin PBXFileReference section */
		A5F9A5452125E60F00D1D9B8 /* NetworkInfo.app */ = {isa = PBXFileReference; explicitFileType = wrapper.application; includeInIndex = 0; path = NetworkInfo.app; sourceTree = BUILT_PRODUCTS_DIR; };
		A5F9A5482125E60F00D1D9B8 /* AppDelegate.swift */ = {isa = PBXFileReference; lastKnownFileType = sourcecode.swift; path = AppDelegate.swift; sourceTree = "<group>"; };
		A5F9A54A2125E60F00D1D9B8 /* ViewController.swift */ = {isa = PBXFileReference; lastKnownFileType = sourcecode.swift; path = ViewController.swift; sourceTree = "<group>"; };
		A5F9A54D2125E60F00D1D9B8 /* Base */ = {isa = PBXFileReference; lastKnownFileType = file.storyboard; name = Base; path = Base.lproj/Main.storyboard; sourceTree = "<group>"; };
		A5F9A54F2125E61100D1D9B8 /* Assets.xcassets */ = {isa = PBXFileReference; lastKnownFileType = folder.assetcatalog; path = Assets.xcassets; sourceTree = "<group>"; };
		A5F9A5522125E61100D1D9B8 /* Base */ = {isa = PBXFileReference; lastKnownFileType = file.storyboard; name = Base; path = Base.lproj/LaunchScreen.storyboard; sourceTree = "<group>"; };
		A5F9A5542125E61100D1D9B8 /* Info.plist */ = {isa = PBXFileReference; lastKnownFileType = text.plist.xml; path = Info.plist; sourceTree = "<group>"; };
		A5F9A5592125E61100D1D9B8 /* NetworkInfoTests.xctest */ = {isa = PBXFileReference; explicitFileType = wrapper.cfbundle; includeInIndex = 0; path = NetworkInfoTests.xctest; sourceTree = BUILT_PRODUCTS_DIR; };
		A5F9A55D2125E61100D1D9B8 /* NetworkInfoTests.swift */ = {isa = PBXFileReference; lastKnownFileType = sourcecode.swift; path = NetworkInfoTests.swift; sourceTree = "<group>"; };
		A5F9A55F2125E61100D1D9B8 /* Info.plist */ = {isa = PBXFileReference; lastKnownFileType = text.plist.xml; path = Info.plist; sourceTree = "<group>"; };
		A5F9A5642125E61100D1D9B8 /* NetworkInfoUITests.xctest */ = {isa = PBXFileReference; explicitFileType = wrapper.cfbundle; includeInIndex = 0; path = NetworkInfoUITests.xctest; sourceTree = BUILT_PRODUCTS_DIR; };
		A5F9A5682125E61100D1D9B8 /* NetworkInfoUITests.swift */ = {isa = PBXFileReference; lastKnownFileType = sourcecode.swift; path = NetworkInfoUITests.swift; sourceTree = "<group>"; };
		A5F9A56A2125E61100D1D9B8 /* Info.plist */ = {isa = PBXFileReference; lastKnownFileType = text.plist.xml; path = Info.plist; sourceTree = "<group>"; };
		A5F9A5792125E7AF00D1D9B8 /* NetInterface.swift */ = {isa = PBXFileReference; fileEncoding = 4; lastKnownFileType = sourcecode.swift; path = NetInterface.swift; sourceTree = "<group>"; };
		A5F9A57B2125F1C300D1D9B8 /* libresolv.tbd */ = {isa = PBXFileReference; lastKnownFileType = "sourcecode.text-based-dylib-definition"; name = libresolv.tbd; path = usr/lib/libresolv.tbd; sourceTree = SDKROOT; };
		A5F9A57D212600F300D1D9B8 /* NetworkInfo-Bridging-Header.h */ = {isa = PBXFileReference; lastKnownFileType = sourcecode.c.h; path = "NetworkInfo-Bridging-Header.h"; sourceTree = "<group>"; };
		A5F9A57E212600F400D1D9B8 /* DnsResolver.m */ = {isa = PBXFileReference; lastKnownFileType = sourcecode.c.objc; path = DnsResolver.m; sourceTree = "<group>"; };
		A5F9A5802126119F00D1D9B8 /* DnsResolver.h */ = {isa = PBXFileReference; lastKnownFileType = sourcecode.c.h; path = DnsResolver.h; sourceTree = "<group>"; };
/* End PBXFileReference section */

/* Begin PBXFrameworksBuildPhase section */
		A5F9A5422125E60F00D1D9B8 /* Frameworks */ = {
			isa = PBXFrameworksBuildPhase;
			buildActionMask = 2147483647;
			files = (
				A5F9A57C2125F1C300D1D9B8 /* libresolv.tbd in Frameworks */,
			);
			runOnlyForDeploymentPostprocessing = 0;
		};
		A5F9A5562125E61100D1D9B8 /* Frameworks */ = {
			isa = PBXFrameworksBuildPhase;
			buildActionMask = 2147483647;
			files = (
			);
			runOnlyForDeploymentPostprocessing = 0;
		};
		A5F9A5612125E61100D1D9B8 /* Frameworks */ = {
			isa = PBXFrameworksBuildPhase;
			buildActionMask = 2147483647;
			files = (
			);
			runOnlyForDeploymentPostprocessing = 0;
		};
/* End PBXFrameworksBuildPhase section */

/* Begin PBXGroup section */
		A5F9A53C2125E60E00D1D9B8 = {
			isa = PBXGroup;
			children = (
				A5F9A5472125E60F00D1D9B8 /* NetworkInfo */,
				A5F9A55C2125E61100D1D9B8 /* NetworkInfoTests */,
				A5F9A5672125E61100D1D9B8 /* NetworkInfoUITests */,
				A5F9A5462125E60F00D1D9B8 /* Products */,
				A5F9A5762125E63A00D1D9B8 /* Frameworks */,
			);
			sourceTree = "<group>";
		};
		A5F9A5462125E60F00D1D9B8 /* Products */ = {
			isa = PBXGroup;
			children = (
				A5F9A5452125E60F00D1D9B8 /* NetworkInfo.app */,
				A5F9A5592125E61100D1D9B8 /* NetworkInfoTests.xctest */,
				A5F9A5642125E61100D1D9B8 /* NetworkInfoUITests.xctest */,
			);
			name = Products;
			sourceTree = "<group>";
		};
		A5F9A5472125E60F00D1D9B8 /* NetworkInfo */ = {
			isa = PBXGroup;
			children = (
				A5F9A5482125E60F00D1D9B8 /* AppDelegate.swift */,
				A5F9A54A2125E60F00D1D9B8 /* ViewController.swift */,
				A5F9A5792125E7AF00D1D9B8 /* NetInterface.swift */,
				A5F9A57E212600F400D1D9B8 /* DnsResolver.m */,
				A5F9A54C2125E60F00D1D9B8 /* Main.storyboard */,
				A5F9A54F2125E61100D1D9B8 /* Assets.xcassets */,
				A5F9A5512125E61100D1D9B8 /* LaunchScreen.storyboard */,
				A5F9A5542125E61100D1D9B8 /* Info.plist */,
				A5F9A57D212600F300D1D9B8 /* NetworkInfo-Bridging-Header.h */,
				A5F9A5802126119F00D1D9B8 /* DnsResolver.h */,
			);
			path = NetworkInfo;
			sourceTree = "<group>";
		};
		A5F9A55C2125E61100D1D9B8 /* NetworkInfoTests */ = {
			isa = PBXGroup;
			children = (
				A5F9A55D2125E61100D1D9B8 /* NetworkInfoTests.swift */,
				A5F9A55F2125E61100D1D9B8 /* Info.plist */,
			);
			path = NetworkInfoTests;
			sourceTree = "<group>";
		};
		A5F9A5672125E61100D1D9B8 /* NetworkInfoUITests */ = {
			isa = PBXGroup;
			children = (
				A5F9A5682125E61100D1D9B8 /* NetworkInfoUITests.swift */,
				A5F9A56A2125E61100D1D9B8 /* Info.plist */,
			);
			path = NetworkInfoUITests;
			sourceTree = "<group>";
		};
		A5F9A5762125E63A00D1D9B8 /* Frameworks */ = {
			isa = PBXGroup;
			children = (
				A5F9A57B2125F1C300D1D9B8 /* libresolv.tbd */,
			);
			name = Frameworks;
			sourceTree = "<group>";
		};
/* End PBXGroup section */

/* Begin PBXNativeTarget section */
		A5F9A5442125E60F00D1D9B8 /* NetworkInfo */ = {
			isa = PBXNativeTarget;
			buildConfigurationList = A5F9A56D2125E61100D1D9B8 /* Build configuration list for PBXNativeTarget "NetworkInfo" */;
			buildPhases = (
				A5F9A5412125E60F00D1D9B8 /* Sources */,
				A5F9A5422125E60F00D1D9B8 /* Frameworks */,
				A5F9A5432125E60F00D1D9B8 /* Resources */,
			);
			buildRules = (
			);
			dependencies = (
			);
			name = NetworkInfo;
			productName = NetworkInfo;
			productReference = A5F9A5452125E60F00D1D9B8 /* NetworkInfo.app */;
			productType = "com.apple.product-type.application";
		};
		A5F9A5582125E61100D1D9B8 /* NetworkInfoTests */ = {
			isa = PBXNativeTarget;
			buildConfigurationList = A5F9A5702125E61100D1D9B8 /* Build configuration list for PBXNativeTarget "NetworkInfoTests" */;
			buildPhases = (
				A5F9A5552125E61100D1D9B8 /* Sources */,
				A5F9A5562125E61100D1D9B8 /* Frameworks */,
				A5F9A5572125E61100D1D9B8 /* Resources */,
			);
			buildRules = (
			);
			dependencies = (
				A5F9A55B2125E61100D1D9B8 /* PBXTargetDependency */,
			);
			name = NetworkInfoTests;
			productName = NetworkInfoTests;
			productReference = A5F9A5592125E61100D1D9B8 /* NetworkInfoTests.xctest */;
			productType = "com.apple.product-type.bundle.unit-test";
		};
		A5F9A5632125E61100D1D9B8 /* NetworkInfoUITests */ = {
			isa = PBXNativeTarget;
			buildConfigurationList = A5F9A5732125E61100D1D9B8 /* Build configuration list for PBXNativeTarget "NetworkInfoUITests" */;
			buildPhases = (
				A5F9A5602125E61100D1D9B8 /* Sources */,
				A5F9A5612125E61100D1D9B8 /* Frameworks */,
				A5F9A5622125E61100D1D9B8 /* Resources */,
			);
			buildRules = (
			);
			dependencies = (
				A5F9A5662125E61100D1D9B8 /* PBXTargetDependency */,
			);
			name = NetworkInfoUITests;
			productName = NetworkInfoUITests;
			productReference = A5F9A5642125E61100D1D9B8 /* NetworkInfoUITests.xctest */;
			productType = "com.apple.product-type.bundle.ui-testing";
		};
/* End PBXNativeTarget section */

/* Begin PBXProject section */
		A5F9A53D2125E60F00D1D9B8 /* Project object */ = {
			isa = PBXProject;
			attributes = {
				LastSwiftUpdateCheck = 0940;
				LastUpgradeCheck = 0940;
				ORGANIZATIONNAME = "Wu Xiaohua";
				TargetAttributes = {
					A5F9A5442125E60F00D1D9B8 = {
						CreatedOnToolsVersion = 9.4.1;
						LastSwiftMigration = 0940;
					};
					A5F9A5582125E61100D1D9B8 = {
						CreatedOnToolsVersion = 9.4.1;
						TestTargetID = A5F9A5442125E60F00D1D9B8;
					};
					A5F9A5632125E61100D1D9B8 = {
						CreatedOnToolsVersion = 9.4.1;
						TestTargetID = A5F9A5442125E60F00D1D9B8;
					};
				};
			};
			buildConfigurationList = A5F9A5402125E60F00D1D9B8 /* Build configuration list for PBXProject "NetworkInfo" */;
			compatibilityVersion = "Xcode 9.3";
			developmentRegion = en;
			hasScannedForEncodings = 0;
			knownRegions = (
				en,
				Base,
			);
			mainGroup = A5F9A53C2125E60E00D1D9B8;
			productRefGroup = A5F9A5462125E60F00D1D9B8 /* Products */;
			projectDirPath = "";
			projectRoot = "";
			targets = (
				A5F9A5442125E60F00D1D9B8 /* NetworkInfo */,
				A5F9A5582125E61100D1D9B8 /* NetworkInfoTests */,
				A5F9A5632125E61100D1D9B8 /* NetworkInfoUITests */,
			);
		};
/* End PBXProject section */

/* Begin PBXResourcesBuildPhase section */
		A5F9A5432125E60F00D1D9B8 /* Resources */ = {
			isa = PBXResourcesBuildPhase;
			buildActionMask = 2147483647;
			files = (
				A5F9A5532125E61100D1D9B8 /* LaunchScreen.storyboard in Resources */,
				A5F9A5502125E61100D1D9B8 /* Assets.xcassets in Resources */,
				A5F9A54E2125E60F00D1D9B8 /* Main.storyboard in Resources */,
			);
			runOnlyForDeploymentPostprocessing = 0;
		};
		A5F9A5572125E61100D1D9B8 /* Resources */ = {
			isa = PBXResourcesBuildPhase;
			buildActionMask = 2147483647;
			files = (
			);
			runOnlyForDeploymentPostprocessing = 0;
		};
		A5F9A5622125E61100D1D9B8 /* Resources */ = {
			isa = PBXResourcesBuildPhase;
			buildActionMask = 2147483647;
			files = (
			);
			runOnlyForDeploymentPostprocessing = 0;
		};
/* End PBXResourcesBuildPhase section */

/* Begin PBXSourcesBuildPhase section */
		A5F9A5412125E60F00D1D9B8 /* Sources */ = {
			isa = PBXSourcesBuildPhase;
			buildActionMask = 2147483647;
			files = (
				A5F9A57A2125E7B000D1D9B8 /* NetInterface.swift in Sources */,
				A5F9A54B2125E60F00D1D9B8 /* ViewController.swift in Sources */,
				A5F9A5492125E60F00D1D9B8 /* AppDelegate.swift in Sources */,
				A5F9A57F212600F400D1D9B8 /* DnsResolver.m in Sources */,
			);
			runOnlyForDeploymentPostprocessing = 0;
		};
		A5F9A5552125E61100D1D9B8 /* Sources */ = {
			isa = PBXSourcesBuildPhase;
			buildActionMask = 2147483647;
			files = (
				A5F9A55E2125E61100D1D9B8 /* NetworkInfoTests.swift in Sources */,
			);
			runOnlyForDeploymentPostprocessing = 0;
		};
		A5F9A5602125E61100D1D9B8 /* Sources */ = {
			isa = PBXSourcesBuildPhase;
			buildActionMask = 2147483647;
			files = (
				A5F9A5692125E61100D1D9B8 /* NetworkInfoUITests.swift in Sources */,
			);
			runOnlyForDeploymentPostprocessing = 0;
		};
/* End PBXSourcesBuildPhase section */

/* Begin PBXTargetDependency section */
		A5F9A55B2125E61100D1D9B8 /* PBXTargetDependency */ = {
			isa = PBXTargetDependency;
			target = A5F9A5442125E60F00D1D9B8 /* NetworkInfo */;
			targetProxy = A5F9A55A2125E61100D1D9B8 /* PBXContainerItemProxy */;
		};
		A5F9A5662125E61100D1D9B8 /* PBXTargetDependency */ = {
			isa = PBXTargetDependency;
			target = A5F9A5442125E60F00D1D9B8 /* NetworkInfo */;
			targetProxy = A5F9A5652125E61100D1D9B8 /* PBXContainerItemProxy */;
		};
/* End PBXTargetDependency section */

/* Begin PBXVariantGroup section */
		A5F9A54C2125E60F00D1D9B8 /* Main.storyboard */ = {
			isa = PBXVariantGroup;
			children = (
				A5F9A54D2125E60F00D1D9B8 /* Base */,
			);
			name = Main.storyboard;
			sourceTree = "<group>";
		};
		A5F9A5512125E61100D1D9B8 /* LaunchScreen.storyboard */ = {
			isa = PBXVariantGroup;
			children = (
				A5F9A5522125E61100D1D9B8 /* Base */,
			);
			name = LaunchScreen.storyboard;
			sourceTree = "<group>";
		};
/* End PBXVariantGroup section */

/* Begin XCBuildConfiguration section */
		A5F9A56B2125E61100D1D9B8 /* Debug */ = {
			isa = XCBuildConfiguration;
			buildSettings = {
				ALWAYS_SEARCH_USER_PATHS = NO;
				CLANG_ANALYZER_NONNULL = YES;
				CLANG_ANALYZER_NUMBER_OBJECT_CONVERSION = YES_AGGRESSIVE;
				CLANG_CXX_LANGUAGE_STANDARD = "gnu++14";
				CLANG_CXX_LIBRARY = "libc++";
				CLANG_ENABLE_MODULES = YES;
				CLANG_ENABLE_OBJC_ARC = YES;
				CLANG_ENABLE_OBJC_WEAK = YES;
				CLANG_WARN_BLOCK_CAPTURE_AUTORELEASING = YES;
				CLANG_WARN_BOOL_CONVERSION = YES;
				CLANG_WARN_COMMA = YES;
				CLANG_WARN_CONSTANT_CONVERSION = YES;
				CLANG_WARN_DEPRECATED_OBJC_IMPLEMENTATIONS = YES;
				CLANG_WARN_DIRECT_OBJC_ISA_USAGE = YES_ERROR;
				CLANG_WARN_DOCUMENTATION_COMMENTS = YES;
				CLANG_WARN_EMPTY_BODY = YES;
				CLANG_WARN_ENUM_CONVERSION = YES;
				CLANG_WARN_INFINITE_RECURSION = YES;
				CLANG_WARN_INT_CONVERSION = YES;
				CLANG_WARN_NON_LITERAL_NULL_CONVERSION = YES;
				CLANG_WARN_OBJC_IMPLICIT_RETAIN_SELF = YES;
				CLANG_WARN_OBJC_LITERAL_CONVERSION = YES;
				CLANG_WARN_OBJC_ROOT_CLASS = YES_ERROR;
				CLANG_WARN_RANGE_LOOP_ANALYSIS = YES;
				CLANG_WARN_STRICT_PROTOTYPES = YES;
				CLANG_WARN_SUSPICIOUS_MOVE = YES;
				CLANG_WARN_UNGUARDED_AVAILABILITY = YES_AGGRESSIVE;
				CLANG_WARN_UNREACHABLE_CODE = YES;
				CLANG_WARN__DUPLICATE_METHOD_MATCH = YES;
				CODE_SIGN_IDENTITY = "iPhone Developer";
				COPY_PHASE_STRIP = NO;
				DEBUG_INFORMATION_FORMAT = dwarf;
				ENABLE_STRICT_OBJC_MSGSEND = YES;
				ENABLE_TESTABILITY = YES;
				GCC_C_LANGUAGE_STANDARD = gnu11;
				GCC_DYNAMIC_NO_PIC = NO;
				GCC_NO_COMMON_BLOCKS = YES;
				GCC_OPTIMIZATION_LEVEL = 0;
				GCC_PREPROCESSOR_DEFINITIONS = (
					"DEBUG=1",
					"$(inherited)",
				);
				GCC_WARN_64_TO_32_BIT_CONVERSION = YES;
				GCC_WARN_ABOUT_RETURN_TYPE = YES_ERROR;
				GCC_WARN_UNDECLARED_SELECTOR = YES;
				GCC_WARN_UNINITIALIZED_AUTOS = YES_AGGRESSIVE;
				GCC_WARN_UNUSED_FUNCTION = YES;
				GCC_WARN_UNUSED_VARIABLE = YES;
				IPHONEOS_DEPLOYMENT_TARGET = 11.4;
				MTL_ENABLE_DEBUG_INFO = YES;
				ONLY_ACTIVE_ARCH = YES;
				SDKROOT = iphoneos;
				SWIFT_ACTIVE_COMPILATION_CONDITIONS = DEBUG;
				SWIFT_OPTIMIZATION_LEVEL = "-Onone";
			};
			name = Debug;
		};
		A5F9A56C2125E61100D1D9B8 /* Release */ = {
			isa = XCBuildConfiguration;
			buildSettings = {
				ALWAYS_SEARCH_USER_PATHS = NO;
				CLANG_ANALYZER_NONNULL = YES;
				CLANG_ANALYZER_NUMBER_OBJECT_CONVERSION = YES_AGGRESSIVE;
				CLANG_CXX_LANGUAGE_STANDARD = "gnu++14";
				CLANG_CXX_LIBRARY = "libc++";
				CLANG_ENABLE_MODULES = YES;
				CLANG_ENABLE_OBJC_ARC = YES;
				CLANG_ENABLE_OBJC_WEAK = YES;
				CLANG_WARN_BLOCK_CAPTURE_AUTORELEASING = YES;
				CLANG_WARN_BOOL_CONVERSION = YES;
				CLANG_WARN_COMMA = YES;
				CLANG_WARN_CONSTANT_CONVERSION = YES;
				CLANG_WARN_DEPRECATED_OBJC_IMPLEMENTATIONS = YES;
				CLANG_WARN_DIRECT_OBJC_ISA_USAGE = YES_ERROR;
				CLANG_WARN_DOCUMENTATION_COMMENTS = YES;
				CLANG_WARN_EMPTY_BODY = YES;
				CLANG_WARN_ENUM_CONVERSION = YES;
				CLANG_WARN_INFINITE_RECURSION = YES;
				CLANG_WARN_INT_CONVERSION = YES;
				CLANG_WARN_NON_LITERAL_NULL_CONVERSION = YES;
				CLANG_WARN_OBJC_IMPLICIT_RETAIN_SELF = YES;
				CLANG_WARN_OBJC_LITERAL_CONVERSION = YES;
				CLANG_WARN_OBJC_ROOT_CLASS = YES_ERROR;
				CLANG_WARN_RANGE_LOOP_ANALYSIS = YES;
				CLANG_WARN_STRICT_PROTOTYPES = YES;
				CLANG_WARN_SUSPICIOUS_MOVE = YES;
				CLANG_WARN_UNGUARDED_AVAILABILITY = YES_AGGRESSIVE;
				CLANG_WARN_UNREACHABLE_CODE = YES;
				CLANG_WARN__DUPLICATE_METHOD_MATCH = YES;
				CODE_SIGN_IDENTITY = "iPhone Developer";
				COPY_PHASE_STRIP = NO;
				DEBUG_INFORMATION_FORMAT = "dwarf-with-dsym";
				ENABLE_NS_ASSERTIONS = NO;
				ENABLE_STRICT_OBJC_MSGSEND = YES;
				GCC_C_LANGUAGE_STANDARD = gnu11;
				GCC_NO_COMMON_BLOCKS = YES;
				GCC_WARN_64_TO_32_BIT_CONVERSION = YES;
				GCC_WARN_ABOUT_RETURN_TYPE = YES_ERROR;
				GCC_WARN_UNDECLARED_SELECTOR = YES;
				GCC_WARN_UNINITIALIZED_AUTOS = YES_AGGRESSIVE;
				GCC_WARN_UNUSED_FUNCTION = YES;
				GCC_WARN_UNUSED_VARIABLE = YES;
				IPHONEOS_DEPLOYMENT_TARGET = 11.4;
				MTL_ENABLE_DEBUG_INFO = NO;
				SDKROOT = iphoneos;
				SWIFT_COMPILATION_MODE = wholemodule;
				SWIFT_OPTIMIZATION_LEVEL = "-O";
				VALIDATE_PRODUCT = YES;
			};
			name = Release;
		};
		A5F9A56E2125E61100D1D9B8 /* Debug */ = {
			isa = XCBuildConfiguration;
			buildSettings = {
				ASSETCATALOG_COMPILER_APPICON_NAME = AppIcon;
				CLANG_ENABLE_MODULES = YES;
				CODE_SIGN_STYLE = Automatic;
				DEVELOPMENT_TEAM = 8C83FB668L;
				INFOPLIST_FILE = NetworkInfo/Info.plist;
				LD_RUNPATH_SEARCH_PATHS = (
					"$(inherited)",
					"@executable_path/Frameworks",
				);
				PRODUCT_BUNDLE_IDENTIFIER = com.example.lsa.NetworkInfo;
				PRODUCT_NAME = "$(TARGET_NAME)";
				SWIFT_OBJC_BRIDGING_HEADER = "NetworkInfo/NetworkInfo-Bridging-Header.h";
				SWIFT_OPTIMIZATION_LEVEL = "-Onone";
				SWIFT_VERSION = 4.0;
				TARGETED_DEVICE_FAMILY = "1,2";
			};
			name = Debug;
		};
		A5F9A56F2125E61100D1D9B8 /* Release */ = {
			isa = XCBuildConfiguration;
			buildSettings = {
				ASSETCATALOG_COMPILER_APPICON_NAME = AppIcon;
				CLANG_ENABLE_MODULES = YES;
				CODE_SIGN_STYLE = Automatic;
				DEVELOPMENT_TEAM = 8C83FB668L;
				INFOPLIST_FILE = NetworkInfo/Info.plist;
				LD_RUNPATH_SEARCH_PATHS = (
					"$(inherited)",
					"@executable_path/Frameworks",
				);
				PRODUCT_BUNDLE_IDENTIFIER = com.example.lsa.NetworkInfo;
				PRODUCT_NAME = "$(TARGET_NAME)";
				SWIFT_OBJC_BRIDGING_HEADER = "NetworkInfo/NetworkInfo-Bridging-Header.h";
				SWIFT_VERSION = 4.0;
				TARGETED_DEVICE_FAMILY = "1,2";
			};
			name = Release;
		};
		A5F9A5712125E61100D1D9B8 /* Debug */ = {
			isa = XCBuildConfiguration;
			buildSettings = {
				ALWAYS_EMBED_SWIFT_STANDARD_LIBRARIES = YES;
				BUNDLE_LOADER = "$(TEST_HOST)";
				CODE_SIGN_STYLE = Automatic;
				DEVELOPMENT_TEAM = 8C83FB668L;
				INFOPLIST_FILE = NetworkInfoTests/Info.plist;
				LD_RUNPATH_SEARCH_PATHS = (
					"$(inherited)",
					"@executable_path/Frameworks",
					"@loader_path/Frameworks",
				);
				PRODUCT_BUNDLE_IDENTIFIER = com.example.lsa.NetworkInfoTests;
				PRODUCT_NAME = "$(TARGET_NAME)";
				SWIFT_VERSION = 4.0;
				TARGETED_DEVICE_FAMILY = "1,2";
				TEST_HOST = "$(BUILT_PRODUCTS_DIR)/NetworkInfo.app/NetworkInfo";
			};
			name = Debug;
		};
		A5F9A5722125E61100D1D9B8 /* Release */ = {
			isa = XCBuildConfiguration;
			buildSettings = {
				ALWAYS_EMBED_SWIFT_STANDARD_LIBRARIES = YES;
				BUNDLE_LOADER = "$(TEST_HOST)";
				CODE_SIGN_STYLE = Automatic;
				DEVELOPMENT_TEAM = 8C83FB668L;
				INFOPLIST_FILE = NetworkInfoTests/Info.plist;
				LD_RUNPATH_SEARCH_PATHS = (
					"$(inherited)",
					"@executable_path/Frameworks",
					"@loader_path/Frameworks",
				);
				PRODUCT_BUNDLE_IDENTIFIER = com.example.lsa.NetworkInfoTests;
				PRODUCT_NAME = "$(TARGET_NAME)";
				SWIFT_VERSION = 4.0;
				TARGETED_DEVICE_FAMILY = "1,2";
				TEST_HOST = "$(BUILT_PRODUCTS_DIR)/NetworkInfo.app/NetworkInfo";
			};
			name = Release;
		};
		A5F9A5742125E61100D1D9B8 /* Debug */ = {
			isa = XCBuildConfiguration;
			buildSettings = {
				ALWAYS_EMBED_SWIFT_STANDARD_LIBRARIES = YES;
				CODE_SIGN_STYLE = Automatic;
				DEVELOPMENT_TEAM = 8C83FB668L;
				INFOPLIST_FILE = NetworkInfoUITests/Info.plist;
				LD_RUNPATH_SEARCH_PATHS = (
					"$(inherited)",
					"@executable_path/Frameworks",
					"@loader_path/Frameworks",
				);
				PRODUCT_BUNDLE_IDENTIFIER = com.example.lsa.NetworkInfoUITests;
				PRODUCT_NAME = "$(TARGET_NAME)";
				SWIFT_VERSION = 4.0;
				TARGETED_DEVICE_FAMILY = "1,2";
				TEST_TARGET_NAME = NetworkInfo;
			};
			name = Debug;
		};
		A5F9A5752125E61100D1D9B8 /* Release */ = {
			isa = XCBuildConfiguration;
			buildSettings = {
				ALWAYS_EMBED_SWIFT_STANDARD_LIBRARIES = YES;
				CODE_SIGN_STYLE = Automatic;
				DEVELOPMENT_TEAM = 8C83FB668L;
				INFOPLIST_FILE = NetworkInfoUITests/Info.plist;
				LD_RUNPATH_SEARCH_PATHS = (
					"$(inherited)",
					"@executable_path/Frameworks",
					"@loader_path/Frameworks",
				);
				PRODUCT_BUNDLE_IDENTIFIER = com.example.lsa.NetworkInfoUITests;
				PRODUCT_NAME = "$(TARGET_NAME)";
				SWIFT_VERSION = 4.0;
				TARGETED_DEVICE_FAMILY = "1,2";
				TEST_TARGET_NAME = NetworkInfo;
			};
			name = Release;
		};
/* End XCBuildConfiguration section */

/* Begin XCConfigurationList section */
		A5F9A5402125E60F00D1D9B8 /* Build configuration list for PBXProject "NetworkInfo" */ = {
			isa = XCConfigurationList;
			buildConfigurations = (
				A5F9A56B2125E61100D1D9B8 /* Debug */,
				A5F9A56C2125E61100D1D9B8 /* Release */,
			);
			defaultConfigurationIsVisible = 0;
			defaultConfigurationName = Release;
		};
		A5F9A56D2125E61100D1D9B8 /* Build configuration list for PBXNativeTarget "NetworkInfo" */ = {
			isa = XCConfigurationList;
			buildConfigurations = (
				A5F9A56E2125E61100D1D9B8 /* Debug */,
				A5F9A56F2125E61100D1D9B8 /* Release */,
			);
			defaultConfigurationIsVisible = 0;
			defaultConfigurationName = Release;
		};
		A5F9A5702125E61100D1D9B8 /* Build configuration list for PBXNativeTarget "NetworkInfoTests" */ = {
			isa = XCConfigurationList;
			buildConfigurations = (
				A5F9A5712125E61100D1D9B8 /* Debug */,
				A5F9A5722125E61100D1D9B8 /* Release */,
			);
			defaultConfigurationIsVisible = 0;
			defaultConfigurationName = Release;
		};
		A5F9A5732125E61100D1D9B8 /* Build configuration list for PBXNativeTarget "NetworkInfoUITests" */ = {
			isa = XCConfigurationList;
			buildConfigurations = (
				A5F9A5742125E61100D1D9B8 /* Debug */,
				A5F9A5752125E61100D1D9B8 /* Release */,
			);
			defaultConfigurationIsVisible = 0;
			defaultConfigurationName = Release;
		};
/* End XCConfigurationList section */
	};
	rootObject = A5F9A53D2125E60F00D1D9B8 /* Project object */;
}
